
Microsoft Visual Studio Solution File, Format Version 12.00
# Visual Studio Version 16
VisualStudioVersion = 16.0.31515.178
MinimumVisualStudioVersion = 10.0.40219.1
Project("{8BC9CEB8-8B4A-11D0-8D11-00A0C91BC942}") = "SmartPointers", "SmartPointers\SmartPointers.vcxproj", "{F1F0BB58-9525-402A-B8B9-030ED78B30B7}"
EndProject
Global
	GlobalSection(SolutionConfigurationPlatforms) = preSolution
		Debug|x64 = Debug|x64
		Debug|x86 = Debug|x86
		Release|x64 = Release|x64
		Release|x86 = Release|x86
	EndGlobalSection
	GlobalSection(ProjectConfigurationPlatforms) = postSolution
		{F1F0BB58-9525-402A-B8B9-030ED78B30B7}.Debug|x64.ActiveCfg = Debug|x64
		{F1F0BB58-9525-402A-B8B9-030ED78B30B7}.Debug|x64.Build.0 = Debug|x64
		{F1F0BB58-9525-402A-B8B9-030ED78B30B7}.Debug|x86.ActiveCfg = Debug|Win32
		{F1F0BB58-9525-402A-B8B9-030ED78B30B7}.Debug|x86.Build.0 = Debug|Win32
		{F1F0BB58-9525-402A-B8B9-030ED78B30B7}.Release|x64.ActiveCfg = Release|x64
		{F1F0BB58-9525-402A-B8B9-030ED78B30B7}.Release|x64.Build.0 = Release|x64
		{F1F0BB58-9525-402A-B8B9-030ED78B30B7}.Release|x86.ActiveCfg = Release|Win32
		{F1F0BB58-9525-402A-B8B9-030ED78B30B7}.Release|x86.Build.0 = Release|Win32
	EndGlobalSection
	GlobalSection(SolutionProperties) = preSolution
		HideSolutionNode = FALSE
	EndGlobalSection
	GlobalSection(ExtensibilityGlobals) = postSolution
		SolutionGuid = {A2B7B896-586B-49EF-B9A3-E88245759B0B}
	EndGlobalSection
EndGlobal
