
Microsoft Visual Studio Solution File, Format Version 12.00
# Visual Studio Version 16
VisualStudioVersion = 16.0.31515.178
MinimumVisualStudioVersion = 10.0.40219.1
Project("{8BC9CEB8-8B4A-11D0-8D11-00A0C91BC942}") = "PE1", "PE1\PE1.vcxproj", "{02D3B7CE-8808-4A62-AD7F-FCF8CEAE883C}"
EndProject
Global
	GlobalSection(SolutionConfigurationPlatforms) = preSolution
		Debug|x64 = Debug|x64
		Debug|x86 = Debug|x86
		Release|x64 = Release|x64
		Release|x86 = Release|x86
	EndGlobalSection
	GlobalSection(ProjectConfigurationPlatforms) = postSolution
		{02D3B7CE-8808-4A62-AD7F-FCF8CEAE883C}.Debug|x64.ActiveCfg = Debug|x64
		{02D3B7CE-8808-4A62-AD7F-FCF8CEAE883C}.Debug|x64.Build.0 = Debug|x64
		{02D3B7CE-8808-4A62-AD7F-FCF8CEAE883C}.Debug|x86.ActiveCfg = Debug|Win32
		{02D3B7CE-8808-4A62-AD7F-FCF8CEAE883C}.Debug|x86.Build.0 = Debug|Win32
		{02D3B7CE-8808-4A62-AD7F-FCF8CEAE883C}.Release|x64.ActiveCfg = Release|x64
		{02D3B7CE-8808-4A62-AD7F-FCF8CEAE883C}.Release|x64.Build.0 = Release|x64
		{02D3B7CE-8808-4A62-AD7F-FCF8CEAE883C}.Release|x86.ActiveCfg = Release|Win32
		{02D3B7CE-8808-4A62-AD7F-FCF8CEAE883C}.Release|x86.Build.0 = Release|Win32
	EndGlobalSection
	GlobalSection(SolutionProperties) = preSolution
		HideSolutionNode = FALSE
	EndGlobalSection
	GlobalSection(ExtensibilityGlobals) = postSolution
		SolutionGuid = {9E0B9387-1CE7-46C5-AA50-FD6F18E0C8F1}
	EndGlobalSection
EndGlobal
